
Microsoft Visual Studio Solution File, Format Version 12.00
# Visual Studio Version 17
VisualStudioVersion = 17.4.33103.184
MinimumVisualStudioVersion = 10.0.40219.1
Project("{FAE04EC0-301F-11D3-BF4B-00C04F79EFBC}") = "SampleGrpcServer", "SampleGrpcServer\SampleGrpcServer.csproj", "{32578131-0340-4858-8DB8-B1E0AAD80838}"
EndProject
Project("{FAE04EC0-301F-11D3-BF4B-00C04F79EFBC}") = "SampleGrpcClient", "SampleGrpcClient\SampleGrpcClient.csproj", "{FB92B215-DB13-4F84-8C3A-24778877BE88}"
EndProject
Project("{FAE04EC0-301F-11D3-BF4B-00C04F79EFBC}") = "SampleCodeFirstGrpcContracts", "SampleCodeFirstGrpcContract\SampleCodeFirstGrpcContracts.csproj", "{A3883980-69A2-4BA2-A4CD-25589DD895D2}"
EndProject
Project("{FAE04EC0-301F-11D3-BF4B-00C04F79EFBC}") = "SampleCodeFirstGrpcServer", "SampleCodeFirstGrpcServer\SampleCodeFirstGrpcServer.csproj", "{96F6A85E-0D13-448C-A0DA-62C0CDCD95C1}"
EndProject
Project("{FAE04EC0-301F-11D3-BF4B-00C04F79EFBC}") = "SampleCodeFirstGrpcClient", "SampleCodeFirstGrpcClient\SampleCodeFirstGrpcClient.csproj", "{B883BB41-39D0-45FC-B3D5-B3F5A0A17B9C}"
EndProject
Global
	GlobalSection(SolutionConfigurationPlatforms) = preSolution
		Debug|Any CPU = Debug|Any CPU
		Release|Any CPU = Release|Any CPU
	EndGlobalSection
	GlobalSection(ProjectConfigurationPlatforms) = postSolution
		{32578131-0340-4858-8DB8-B1E0AAD80838}.Debug|Any CPU.ActiveCfg = Debug|Any CPU
		{32578131-0340-4858-8DB8-B1E0AAD80838}.Debug|Any CPU.Build.0 = Debug|Any CPU
		{32578131-0340-4858-8DB8-B1E0AAD80838}.Release|Any CPU.ActiveCfg = Release|Any CPU
		{32578131-0340-4858-8DB8-B1E0AAD80838}.Release|Any CPU.Build.0 = Release|Any CPU
		{FB92B215-DB13-4F84-8C3A-24778877BE88}.Debug|Any CPU.ActiveCfg = Debug|Any CPU
		{FB92B215-DB13-4F84-8C3A-24778877BE88}.Debug|Any CPU.Build.0 = Debug|Any CPU
		{FB92B215-DB13-4F84-8C3A-24778877BE88}.Release|Any CPU.ActiveCfg = Release|Any CPU
		{FB92B215-DB13-4F84-8C3A-24778877BE88}.Release|Any CPU.Build.0 = Release|Any CPU
		{A3883980-69A2-4BA2-A4CD-25589DD895D2}.Debug|Any CPU.ActiveCfg = Debug|Any CPU
		{A3883980-69A2-4BA2-A4CD-25589DD895D2}.Debug|Any CPU.Build.0 = Debug|Any CPU
		{A3883980-69A2-4BA2-A4CD-25589DD895D2}.Release|Any CPU.ActiveCfg = Release|Any CPU
		{A3883980-69A2-4BA2-A4CD-25589DD895D2}.Release|Any CPU.Build.0 = Release|Any CPU
		{96F6A85E-0D13-448C-A0DA-62C0CDCD95C1}.Debug|Any CPU.ActiveCfg = Debug|Any CPU
		{96F6A85E-0D13-448C-A0DA-62C0CDCD95C1}.Debug|Any CPU.Build.0 = Debug|Any CPU
		{96F6A85E-0D13-448C-A0DA-62C0CDCD95C1}.Release|Any CPU.ActiveCfg = Release|Any CPU
		{96F6A85E-0D13-448C-A0DA-62C0CDCD95C1}.Release|Any CPU.Build.0 = Release|Any CPU
		{B883BB41-39D0-45FC-B3D5-B3F5A0A17B9C}.Debug|Any CPU.ActiveCfg = Debug|Any CPU
		{B883BB41-39D0-45FC-B3D5-B3F5A0A17B9C}.Debug|Any CPU.Build.0 = Debug|Any CPU
		{B883BB41-39D0-45FC-B3D5-B3F5A0A17B9C}.Release|Any CPU.ActiveCfg = Release|Any CPU
		{B883BB41-39D0-45FC-B3D5-B3F5A0A17B9C}.Release|Any CPU.Build.0 = Release|Any CPU
	EndGlobalSection
	GlobalSection(SolutionProperties) = preSolution
		HideSolutionNode = FALSE
	EndGlobalSection
	GlobalSection(ExtensibilityGlobals) = postSolution
		SolutionGuid = {26DC8A21-A4FE-4953-B08B-DA27EC23868A}
	EndGlobalSection
EndGlobal
